Microsoft Visual Studio Solution File, Format Version 12.00
# Visual Studio Version 17
VisualStudioVersion = 17.5.2.0
MinimumVisualStudioVersion = 10.0.40219.1
Project("{2150E333-8FDC-42A3-9474-1A3956D46DE8}") = "Csharp", "Csharp", "{B41BF331-FCCB-2ADF-CDB6-767964B34647}"
EndProject
Project("{FAE04EC0-301F-11D3-BF4B-00C04F79EFBC}") = "Project", "Csharp\Debugger\Project.csproj", "{6AA2A0C1-EEE2-393F-B917-DC294C80B3B6}"
EndProject
Global
	GlobalSection(SolutionConfigurationPlatforms) = preSolution
		Debug|Any CPU = Debug|Any CPU
		Release|Any CPU = Release|Any CPU
	EndGlobalSection
	GlobalSection(ProjectConfigurationPlatforms) = postSolution
		{6AA2A0C1-EEE2-393F-B917-DC294C80B3B6}.Debug|Any CPU.ActiveCfg = Debug|Any CPU
		{6AA2A0C1-EEE2-393F-B917-DC294C80B3B6}.Debug|Any CPU.Build.0 = Debug|Any CPU
		{6AA2A0C1-EEE2-393F-B917-DC294C80B3B6}.Release|Any CPU.ActiveCfg = Release|Any CPU
		{6AA2A0C1-EEE2-393F-B917-DC294C80B3B6}.Release|Any CPU.Build.0 = Release|Any CPU
	EndGlobalSection
	GlobalSection(SolutionProperties) = preSolution
		HideSolutionNode = FALSE
	EndGlobalSection
	GlobalSection(NestedProjects) = preSolution
		{6AA2A0C1-EEE2-393F-B917-DC294C80B3B6} = {B41BF331-FCCB-2ADF-CDB6-767964B34647}
	EndGlobalSection
	GlobalSection(ExtensibilityGlobals) = postSolution
		SolutionGuid = {12FCE462-9A6D-4572-A43E-090EE1A02271}
	EndGlobalSection
EndGlobal
